<?xml version="1.0" encoding="UTF-8" standalone="yes" ?>
<CodeBlocks_project_file>
	<FileVersion major="1" minor="6" />
	<Project>
		<Option title="main" />
		<Option pch_mode="2" />
		<Option compiler="gcc" />
		<Build>
			<Target title="Debug">
				<Option output="bin/Debug/main" prefix_auto="1" extension_auto="1" />
				<Option object_output="obj/Debug/" />
				<Option type="1" />
				<Option compiler="gcc" />
				<Compiler>
					<Add option="-g" />
				</Compiler>
			</Target>
			<Target title="Release">
				<Option output="bin/Release/main" prefix_auto="1" extension_auto="1" />
				<Option object_output="obj/Release/" />
				<Option type="1" />
				<Option compiler="gcc" />
				<Compiler>
					<Add option="-O2" />
				</Compiler>
				<Linker>
					<Add option="-s" />
				</Linker>
			</Target>
		</Build>
		<Compiler>
			<Add option="-Wall" />
		</Compiler>
		<Unit filename="dmd.c">
			<Option compilerVar="CC" />
		</Unit>
		<Unit filename="dmd.h" />
		<Unit filename="getbasis/getbasis.c">
			<Option compilerVar="CC" />
		</Unit>
		<Unit filename="getbasis/getbasis.h" />
		<Unit filename="getbasis/ordering.c">
			<Option compilerVar="CC" />
		</Unit>
		<Unit filename="getbasis/ordering.h" />
		<Unit filename="hidapi/hidapi.c">
			<Option compilerVar="CC" />
		</Unit>
		<Unit filename="hidapi/hidapi.h" />
		<Unit filename="hidapi/hidapi_cfgmgr32.h" />
		<Unit filename="hidapi/hidapi_hidclass.h" />
		<Unit filename="hidapi/hidapi_hidpi.h" />
		<Unit filename="hidapi/hidapi_hidsdi.h" />
		<Unit filename="hidapi/hidapi_winapi.h" />
		<Unit filename="main.c">
			<Option compilerVar="CC" />
		</Unit>
		<Unit filename="main.h" />
		<Unit filename="measure.c">
			<Option compilerVar="CC" />
		</Unit>
		<Unit filename="measure.h" />
		<Extensions>
			<lib_finder disable_auto="1" />
		</Extensions>
	</Project>
</CodeBlocks_project_file>
